
Microsoft Visual Studio Solution File, Format Version 12.00
# Visual Studio 15
VisualStudioVersion = 15.0.28010.2016
MinimumVisualStudioVersion = 10.0.40219.1
Project("{FAE04EC0-301F-11D3-BF4B-00C04F79EFBC}") = "LeeUsuariosEncriptadosWSEscribeEnActiveDirectory", "LeeUsuariosEncriptadosWSEscribeEnActiveDirectory\LeeUsuariosEncriptadosWSEscribeEnActiveDirectory.csproj", "{5D8AE0BF-5E35-42B9-AA9E-D5A891B45F82}"
EndProject
Global
	GlobalSection(SolutionConfigurationPlatforms) = preSolution
		Debug|Any CPU = Debug|Any CPU
		Release|Any CPU = Release|Any CPU
	EndGlobalSection
	GlobalSection(ProjectConfigurationPlatforms) = postSolution
		{5D8AE0BF-5E35-42B9-AA9E-D5A891B45F82}.Debug|Any CPU.ActiveCfg = Debug|Any CPU
		{5D8AE0BF-5E35-42B9-AA9E-D5A891B45F82}.Debug|Any CPU.Build.0 = Debug|Any CPU
		{5D8AE0BF-5E35-42B9-AA9E-D5A891B45F82}.Release|Any CPU.ActiveCfg = Release|Any CPU
		{5D8AE0BF-5E35-42B9-AA9E-D5A891B45F82}.Release|Any CPU.Build.0 = Release|Any CPU
	EndGlobalSection
	GlobalSection(SolutionProperties) = preSolution
		HideSolutionNode = FALSE
	EndGlobalSection
	GlobalSection(ExtensibilityGlobals) = postSolution
		SolutionGuid = {177C4514-4566-4C3C-9626-9E5FC6837F6F}
	EndGlobalSection
EndGlobal
